
Microsoft Visual Studio Solution File, Format Version 12.00
# Visual Studio Version 16
VisualStudioVersion = 16.0.31005.135
MinimumVisualStudioVersion = 10.0.40219.1
Project("{FAE04EC0-301F-11D3-BF4B-00C04F79EFBC}") = "Company", "ConsoleApp2\Company.csproj", "{8FD8194A-E0DB-4C25-AF75-469EE6F7318F}"
EndProject
Global
	GlobalSection(SolutionConfigurationPlatforms) = preSolution
		Debug|Any CPU = Debug|Any CPU
		Release|Any CPU = Release|Any CPU
	EndGlobalSection
	GlobalSection(ProjectConfigurationPlatforms) = postSolution
		{8FD8194A-E0DB-4C25-AF75-469EE6F7318F}.Debug|Any CPU.ActiveCfg = Debug|Any CPU
		{8FD8194A-E0DB-4C25-AF75-469EE6F7318F}.Debug|Any CPU.Build.0 = Debug|Any CPU
		{8FD8194A-E0DB-4C25-AF75-469EE6F7318F}.Release|Any CPU.ActiveCfg = Release|Any CPU
		{8FD8194A-E0DB-4C25-AF75-469EE6F7318F}.Release|Any CPU.Build.0 = Release|Any CPU
	EndGlobalSection
	GlobalSection(SolutionProperties) = preSolution
		HideSolutionNode = FALSE
	EndGlobalSection
	GlobalSection(ExtensibilityGlobals) = postSolution
		SolutionGuid = {0A94D7FA-730F-4683-B47E-55300833DE5C}
	EndGlobalSection
EndGlobal
